
Microsoft Visual Studio Solution File, Format Version 12.00
# Visual Studio 15
Project("{FAE04EC0-301F-11D3-BF4B-00C04F79EFBC}") = "Assembly-CSharp", "Assembly-CSharp.csproj", "{AA090ADA-3F46-227E-4885-C401E7354253}"
EndProject
Project("{FAE04EC0-301F-11D3-BF4B-00C04F79EFBC}") = "Assembly-CSharp-Editor", "Assembly-CSharp-Editor.csproj", "{F003AFFB-96B5-EDDF-5D44-69B22AF9018D}"
EndProject
Global
	GlobalSection(SolutionConfigurationPlatforms) = preSolution
		Debug|Any CPU = Debug|Any CPU
		Release|Any CPU = Release|Any CPU
	EndGlobalSection
	GlobalSection(ProjectConfigurationPlatforms) = postSolution
		{AA090ADA-3F46-227E-4885-C401E7354253}.Debug|Any CPU.ActiveCfg = Debug|Any CPU
		{AA090ADA-3F46-227E-4885-C401E7354253}.Debug|Any CPU.Build.0 = Debug|Any CPU
		{AA090ADA-3F46-227E-4885-C401E7354253}.Release|Any CPU.ActiveCfg = Release|Any CPU
		{AA090ADA-3F46-227E-4885-C401E7354253}.Release|Any CPU.Build.0 = Release|Any CPU
		{F003AFFB-96B5-EDDF-5D44-69B22AF9018D}.Debug|Any CPU.ActiveCfg = Debug|Any CPU
		{F003AFFB-96B5-EDDF-5D44-69B22AF9018D}.Debug|Any CPU.Build.0 = Debug|Any CPU
		{F003AFFB-96B5-EDDF-5D44-69B22AF9018D}.Release|Any CPU.ActiveCfg = Release|Any CPU
		{F003AFFB-96B5-EDDF-5D44-69B22AF9018D}.Release|Any CPU.Build.0 = Release|Any CPU
	EndGlobalSection
	GlobalSection(SolutionProperties) = preSolution
		HideSolutionNode = FALSE
	EndGlobalSection
EndGlobal
